
Microsoft Visual Studio Solution File, Format Version 12.00
# Visual Studio Version 17
VisualStudioVersion = 17.11.35208.52
MinimumVisualStudioVersion = 10.0.40219.1
Project("{FAE04EC0-301F-11D3-BF4B-00C04F79EFBC}") = "MVCUsingAjax", "MVCUsingAjax.csproj", "{845FC3C0-E015-4BAF-9B4F-20C0EC439921}"
EndProject
Global
	GlobalSection(SolutionConfigurationPlatforms) = preSolution
		Debug|Any CPU = Debug|Any CPU
		Release|Any CPU = Release|Any CPU
	EndGlobalSection
	GlobalSection(ProjectConfigurationPlatforms) = postSolution
		{845FC3C0-E015-4BAF-9B4F-20C0EC439921}.Debug|Any CPU.ActiveCfg = Debug|Any CPU
		{845FC3C0-E015-4BAF-9B4F-20C0EC439921}.Debug|Any CPU.Build.0 = Debug|Any CPU
		{845FC3C0-E015-4BAF-9B4F-20C0EC439921}.Release|Any CPU.ActiveCfg = Release|Any CPU
		{845FC3C0-E015-4BAF-9B4F-20C0EC439921}.Release|Any CPU.Build.0 = Release|Any CPU
	EndGlobalSection
	GlobalSection(SolutionProperties) = preSolution
		HideSolutionNode = FALSE
	EndGlobalSection
	GlobalSection(ExtensibilityGlobals) = postSolution
		SolutionGuid = {7A5C89B4-33DB-4F0A-BFC2-C77904C3CFAA}
	EndGlobalSection
EndGlobal
